
Microsoft Visual Studio Solution File, Format Version 12.00
# Visual Studio Version 17
VisualStudioVersion = 17.7.34024.191
MinimumVisualStudioVersion = 10.0.40219.1
Project("{FAE04EC0-301F-11D3-BF4B-00C04F79EFBC}") = "Git-uppgift", "Git-uppgift\Git-uppgift.csproj", "{F6EE75D3-4638-4007-97B2-20BB494462D1}"
EndProject
Global
	GlobalSection(SolutionConfigurationPlatforms) = preSolution
		Debug|Any CPU = Debug|Any CPU
		Release|Any CPU = Release|Any CPU
	EndGlobalSection
	GlobalSection(ProjectConfigurationPlatforms) = postSolution
		{F6EE75D3-4638-4007-97B2-20BB494462D1}.Debug|Any CPU.ActiveCfg = Debug|Any CPU
		{F6EE75D3-4638-4007-97B2-20BB494462D1}.Debug|Any CPU.Build.0 = Debug|Any CPU
		{F6EE75D3-4638-4007-97B2-20BB494462D1}.Release|Any CPU.ActiveCfg = Release|Any CPU
		{F6EE75D3-4638-4007-97B2-20BB494462D1}.Release|Any CPU.Build.0 = Release|Any CPU
	EndGlobalSection
	GlobalSection(SolutionProperties) = preSolution
		HideSolutionNode = FALSE
	EndGlobalSection
	GlobalSection(ExtensibilityGlobals) = postSolution
		SolutionGuid = {78793DF8-F51A-4B46-B27D-97B0B85D8D33}
	EndGlobalSection
EndGlobal
